
Microsoft Visual Studio Solution File, Format Version 12.00
# Visual Studio Version 16
VisualStudioVersion = 16.0.29123.89
MinimumVisualStudioVersion = 10.0.40219.1
Project("{FAE04EC0-301F-11D3-BF4B-00C04F79EFBC}") = "JobPortal.Common", "JobPortal.Common\JobPortal.Common.csproj", "{0DF9E42A-4A04-47E8-B057-066577ADB651}"
EndProject
Project("{FAE04EC0-301F-11D3-BF4B-00C04F79EFBC}") = "JobPortal.Web", "JobPortal.Web\JobPortal.Web.csproj", "{C0BA4D80-9EA1-4070-BB66-23C931559FC8}"
EndProject
Global
	GlobalSection(SolutionConfigurationPlatforms) = preSolution
		Debug|Any CPU = Debug|Any CPU
		Release|Any CPU = Release|Any CPU
	EndGlobalSection
	GlobalSection(ProjectConfigurationPlatforms) = postSolution
		{0DF9E42A-4A04-47E8-B057-066577ADB651}.Debug|Any CPU.ActiveCfg = Debug|Any CPU
		{0DF9E42A-4A04-47E8-B057-066577ADB651}.Debug|Any CPU.Build.0 = Debug|Any CPU
		{0DF9E42A-4A04-47E8-B057-066577ADB651}.Release|Any CPU.ActiveCfg = Release|Any CPU
		{0DF9E42A-4A04-47E8-B057-066577ADB651}.Release|Any CPU.Build.0 = Release|Any CPU
		{C0BA4D80-9EA1-4070-BB66-23C931559FC8}.Debug|Any CPU.ActiveCfg = Debug|Any CPU
		{C0BA4D80-9EA1-4070-BB66-23C931559FC8}.Debug|Any CPU.Build.0 = Debug|Any CPU
		{C0BA4D80-9EA1-4070-BB66-23C931559FC8}.Release|Any CPU.ActiveCfg = Release|Any CPU
		{C0BA4D80-9EA1-4070-BB66-23C931559FC8}.Release|Any CPU.Build.0 = Release|Any CPU
	EndGlobalSection
	GlobalSection(SolutionProperties) = preSolution
		HideSolutionNode = FALSE
	EndGlobalSection
	GlobalSection(ExtensibilityGlobals) = postSolution
		SolutionGuid = {B4282E2A-7D6E-4E47-9366-9E7313B66386}
	EndGlobalSection
EndGlobal
